// !$*UTF8*$!
{
	archiveVersion = 1;
	classes = {
	};
	objectVersion = 55;
	objects = {

/* Begin PBXBuildFile section */
		3DB5F0660E79B6878D6E7A42 /* Pods_RxSwiftPracticeTests.framework in Frameworks */ = {isa = PBXBuildFile; fileRef = 8ADB8329DF2976CA601F9F41 /* Pods_RxSwiftPracticeTests.framework */; };
		71DE37D1FF72730C5C45EACC /* Pods_RxSwiftPractice_RxSwiftPracticeUITests.framework in Frameworks */ = {isa = PBXBuildFile; fileRef = FB433916663D02E43673C3E4 /* Pods_RxSwiftPractice_RxSwiftPracticeUITests.framework */; };
		B73E161C2798603C00D5A9F3 /* AppDelegate.swift in Sources */ = {isa = PBXBuildFile; fileRef = B73E161B2798603C00D5A9F3 /* AppDelegate.swift */; };
		B73E161E2798603C00D5A9F3 /* SceneDelegate.swift in Sources */ = {isa = PBXBuildFile; fileRef = B73E161D2798603C00D5A9F3 /* SceneDelegate.swift */; };
		B73E16202798603C00D5A9F3 /* ViewController.swift in Sources */ = {isa = PBXBuildFile; fileRef = B73E161F2798603C00D5A9F3 /* ViewController.swift */; };
		B73E16232798603C00D5A9F3 /* Main.storyboard in Resources */ = {isa = PBXBuildFile; fileRef = B73E16212798603C00D5A9F3 /* Main.storyboard */; };
		B73E16252798603C00D5A9F3 /* Assets.xcassets in Resources */ = {isa = PBXBuildFile; fileRef = B73E16242798603C00D5A9F3 /* Assets.xcassets */; };
		B73E16282798603C00D5A9F3 /* LaunchScreen.storyboard in Resources */ = {isa = PBXBuildFile; fileRef = B73E16262798603C00D5A9F3 /* LaunchScreen.storyboard */; };
		B73E16332798603C00D5A9F3 /* RxSwiftPracticeTests.swift in Sources */ = {isa = PBXBuildFile; fileRef = B73E16322798603C00D5A9F3 /* RxSwiftPracticeTests.swift */; };
		B73E163D2798603C00D5A9F3 /* RxSwiftPracticeUITests.swift in Sources */ = {isa = PBXBuildFile; fileRef = B73E163C2798603C00D5A9F3 /* RxSwiftPracticeUITests.swift */; };
		B73E163F2798603C00D5A9F3 /* RxSwiftPracticeUITestsLaunchTests.swift in Sources */ = {isa = PBXBuildFile; fileRef = B73E163E2798603C00D5A9F3 /* RxSwiftPracticeUITestsLaunchTests.swift */; };
		BAEC06BF521D5194F514CBCF /* Pods_RxSwiftPractice.framework in Frameworks */ = {isa = PBXBuildFile; fileRef = 2B7EAA7A813940E602860B65 /* Pods_RxSwiftPractice.framework */; };
/* End PBXBuildFile section */

/* Begin PBXContainerItemProxy section */
		B73E162F2798603C00D5A9F3 /* PBXContainerItemProxy */ = {
			isa = PBXContainerItemProxy;
			containerPortal = B73E16102798603B00D5A9F3 /* Project object */;
			proxyType = 1;
			remoteGlobalIDString = B73E16172798603C00D5A9F3;
			remoteInfo = RxSwiftPractice;
		};
		B73E16392798603C00D5A9F3 /* PBXContainerItemProxy */ = {
			isa = PBXContainerItemProxy;
			containerPortal = B73E16102798603B00D5A9F3 /* Project object */;
			proxyType = 1;
			remoteGlobalIDString = B73E16172798603C00D5A9F3;
			remoteInfo = RxSwiftPractice;
		};
/* End PBXContainerItemProxy section */

/* Begin PBXFileReference section */
		1E044639AB01E614CC9D8A68 /* Pods-RxSwiftPractice-RxSwiftPracticeUITests.release.xcconfig */ = {isa = PBXFileReference; includeInIndex = 1; lastKnownFileType = text.xcconfig; name = "Pods-RxSwiftPractice-RxSwiftPracticeUITests.release.xcconfig"; path = "Target Support Files/Pods-RxSwiftPractice-RxSwiftPracticeUITests/Pods-RxSwiftPractice-RxSwiftPracticeUITests.release.xcconfig"; sourceTree = "<group>"; };
		2B7EAA7A813940E602860B65 /* Pods_RxSwiftPractice.framework */ = {isa = PBXFileReference; explicitFileType = wrapper.framework; includeInIndex = 0; path = Pods_RxSwiftPractice.framework; sourceTree = BUILT_PRODUCTS_DIR; };
		32AD7ED165564868FC86FA77 /* Pods-RxSwiftPractice.debug.xcconfig */ = {isa = PBXFileReference; includeInIndex = 1; lastKnownFileType = text.xcconfig; name = "Pods-RxSwiftPractice.debug.xcconfig"; path = "Target Support Files/Pods-RxSwiftPractice/Pods-RxSwiftPractice.debug.xcconfig"; sourceTree = "<group>"; };
		33F3C8BA9FFDFF1FDFEA396C /* Pods-RxSwiftPracticeTests.debug.xcconfig */ = {isa = PBXFileReference; includeInIndex = 1; lastKnownFileType = text.xcconfig; name = "Pods-RxSwiftPracticeTests.debug.xcconfig"; path = "Target Support Files/Pods-RxSwiftPracticeTests/Pods-RxSwiftPracticeTests.debug.xcconfig"; sourceTree = "<group>"; };
		84FC95ADF2F561BCD961613C /* Pods-RxSwiftPractice.release.xcconfig */ = {isa = PBXFileReference; includeInIndex = 1; lastKnownFileType = text.xcconfig; name = "Pods-RxSwiftPractice.release.xcconfig"; path = "Target Support Files/Pods-RxSwiftPractice/Pods-RxSwiftPractice.release.xcconfig"; sourceTree = "<group>"; };
		8ADB8329DF2976CA601F9F41 /* Pods_RxSwiftPracticeTests.framework */ = {isa = PBXFileReference; explicitFileType = wrapper.framework; includeInIndex = 0; path = Pods_RxSwiftPracticeTests.framework; sourceTree = BUILT_PRODUCTS_DIR; };
		AF31BB8765A31D5E3BC5B54E /* Pods-RxSwiftPracticeTests.release.xcconfig */ = {isa = PBXFileReference; includeInIndex = 1; lastKnownFileType = text.xcconfig; name = "Pods-RxSwiftPracticeTests.release.xcconfig"; path = "Target Support Files/Pods-RxSwiftPracticeTests/Pods-RxSwiftPracticeTests.release.xcconfig"; sourceTree = "<group>"; };
		B73E16182798603C00D5A9F3 /* RxSwiftPractice.app */ = {isa = PBXFileReference; explicitFileType = wrapper.application; includeInIndex = 0; path = RxSwiftPractice.app; sourceTree = BUILT_PRODUCTS_DIR; };
		B73E161B2798603C00D5A9F3 /* AppDelegate.swift */ = {isa = PBXFileReference; lastKnownFileType = sourcecode.swift; path = AppDelegate.swift; sourceTree = "<group>"; };
		B73E161D2798603C00D5A9F3 /* SceneDelegate.swift */ = {isa = PBXFileReference; lastKnownFileType = sourcecode.swift; path = SceneDelegate.swift; sourceTree = "<group>"; };
		B73E161F2798603C00D5A9F3 /* ViewController.swift */ = {isa = PBXFileReference; lastKnownFileType = sourcecode.swift; path = ViewController.swift; sourceTree = "<group>"; };
		B73E16222798603C00D5A9F3 /* Base */ = {isa = PBXFileReference; lastKnownFileType = file.storyboard; name = Base; path = Base.lproj/Main.storyboard; sourceTree = "<group>"; };
		B73E16242798603C00D5A9F3 /* Assets.xcassets */ = {isa = PBXFileReference; lastKnownFileType = folder.assetcatalog; path = Assets.xcassets; sourceTree = "<group>"; };
		B73E16272798603C00D5A9F3 /* Base */ = {isa = PBXFileReference; lastKnownFileType = file.storyboard; name = Base; path = Base.lproj/LaunchScreen.storyboard; sourceTree = "<group>"; };
		B73E16292798603C00D5A9F3 /* Info.plist */ = {isa = PBXFileReference; lastKnownFileType = text.plist.xml; path = Info.plist; sourceTree = "<group>"; };
		B73E162E2798603C00D5A9F3 /* RxSwiftPracticeTests.xctest */ = {isa = PBXFileReference; explicitFileType = wrapper.cfbundle; includeInIndex = 0; path = RxSwiftPracticeTests.xctest; sourceTree = BUILT_PRODUCTS_DIR; };
		B73E16322798603C00D5A9F3 /* RxSwiftPracticeTests.swift */ = {isa = PBXFileReference; lastKnownFileType = sourcecode.swift; path = RxSwiftPracticeTests.swift; sourceTree = "<group>"; };
		B73E16382798603C00D5A9F3 /* RxSwiftPracticeUITests.xctest */ = {isa = PBXFileReference; explicitFileType = wrapper.cfbundle; includeInIndex = 0; path = RxSwiftPracticeUITests.xctest; sourceTree = BUILT_PRODUCTS_DIR; };
		B73E163C2798603C00D5A9F3 /* RxSwiftPracticeUITests.swift */ = {isa = PBXFileReference; lastKnownFileType = sourcecode.swift; path = RxSwiftPracticeUITests.swift; sourceTree = "<group>"; };
		B73E163E2798603C00D5A9F3 /* RxSwiftPracticeUITestsLaunchTests.swift */ = {isa = PBXFileReference; lastKnownFileType = sourcecode.swift; path = RxSwiftPracticeUITestsLaunchTests.swift; sourceTree = "<group>"; };
		B73E164B2798613200D5A9F3 /* Observable.playground */ = {isa = PBXFileReference; lastKnownFileType = file.playground; path = Observable.playground; sourceTree = "<group>"; xcLanguageSpecificationIdentifier = xcode.lang.swift; };
		B73E164C27986B3200D5A9F3 /* Traits.playground */ = {isa = PBXFileReference; lastKnownFileType = file.playground; path = Traits.playground; sourceTree = "<group>"; xcLanguageSpecificationIdentifier = xcode.lang.swift; };
		F3775F48CACE1C2A235D5F0D /* Pods-RxSwiftPractice-RxSwiftPracticeUITests.debug.xcconfig */ = {isa = PBXFileReference; includeInIndex = 1; lastKnownFileType = text.xcconfig; name = "Pods-RxSwiftPractice-RxSwiftPracticeUITests.debug.xcconfig"; path = "Target Support Files/Pods-RxSwiftPractice-RxSwiftPracticeUITests/Pods-RxSwiftPractice-RxSwiftPracticeUITests.debug.xcconfig"; sourceTree = "<group>"; };
		FB433916663D02E43673C3E4 /* Pods_RxSwiftPractice_RxSwiftPracticeUITests.framework */ = {isa = PBXFileReference; explicitFileType = wrapper.framework; includeInIndex = 0; path = Pods_RxSwiftPractice_RxSwiftPracticeUITests.framework; sourceTree = BUILT_PRODUCTS_DIR; };
/* End PBXFileReference section */

/* Begin PBXFrameworksBuildPhase section */
		B73E16152798603C00D5A9F3 /* Frameworks */ = {
			isa = PBXFrameworksBuildPhase;
			buildActionMask = 2147483647;
			files = (
				BAEC06BF521D5194F514CBCF /* Pods_RxSwiftPractice.framework in Frameworks */,
			);
			runOnlyForDeploymentPostprocessing = 0;
		};
		B73E162B2798603C00D5A9F3 /* Frameworks */ = {
			isa = PBXFrameworksBuildPhase;
			buildActionMask = 2147483647;
			files = (
				3DB5F0660E79B6878D6E7A42 /* Pods_RxSwiftPracticeTests.framework in Frameworks */,
			);
			runOnlyForDeploymentPostprocessing = 0;
		};
		B73E16352798603C00D5A9F3 /* Frameworks */ = {
			isa = PBXFrameworksBuildPhase;
			buildActionMask = 2147483647;
			files = (
				71DE37D1FF72730C5C45EACC /* Pods_RxSwiftPractice_RxSwiftPracticeUITests.framework in Frameworks */,
			);
			runOnlyForDeploymentPostprocessing = 0;
		};
/* End PBXFrameworksBuildPhase section */

/* Begin PBXGroup section */
		03AD0D91994837B26873C05C /* Frameworks */ = {
			isa = PBXGroup;
			children = (
				2B7EAA7A813940E602860B65 /* Pods_RxSwiftPractice.framework */,
				FB433916663D02E43673C3E4 /* Pods_RxSwiftPractice_RxSwiftPracticeUITests.framework */,
				8ADB8329DF2976CA601F9F41 /* Pods_RxSwiftPracticeTests.framework */,
			);
			name = Frameworks;
			sourceTree = "<group>";
		};
		92E23822967162C25DC87294 /* Pods */ = {
			isa = PBXGroup;
			children = (
				32AD7ED165564868FC86FA77 /* Pods-RxSwiftPractice.debug.xcconfig */,
				84FC95ADF2F561BCD961613C /* Pods-RxSwiftPractice.release.xcconfig */,
				F3775F48CACE1C2A235D5F0D /* Pods-RxSwiftPractice-RxSwiftPracticeUITests.debug.xcconfig */,
				1E044639AB01E614CC9D8A68 /* Pods-RxSwiftPractice-RxSwiftPracticeUITests.release.xcconfig */,
				33F3C8BA9FFDFF1FDFEA396C /* Pods-RxSwiftPracticeTests.debug.xcconfig */,
				AF31BB8765A31D5E3BC5B54E /* Pods-RxSwiftPracticeTests.release.xcconfig */,
			);
			path = Pods;
			sourceTree = "<group>";
		};
		B73E160F2798603B00D5A9F3 = {
			isa = PBXGroup;
			children = (
				B73E164B2798613200D5A9F3 /* Observable.playground */,
				B73E164C27986B3200D5A9F3 /* Traits.playground */,
				B73E161A2798603C00D5A9F3 /* RxSwiftPractice */,
				B73E16312798603C00D5A9F3 /* RxSwiftPracticeTests */,
				B73E163B2798603C00D5A9F3 /* RxSwiftPracticeUITests */,
				B73E16192798603C00D5A9F3 /* Products */,
				92E23822967162C25DC87294 /* Pods */,
				03AD0D91994837B26873C05C /* Frameworks */,
			);
			sourceTree = "<group>";
		};
		B73E16192798603C00D5A9F3 /* Products */ = {
			isa = PBXGroup;
			children = (
				B73E16182798603C00D5A9F3 /* RxSwiftPractice.app */,
				B73E162E2798603C00D5A9F3 /* RxSwiftPracticeTests.xctest */,
				B73E16382798603C00D5A9F3 /* RxSwiftPracticeUITests.xctest */,
			);
			name = Products;
			sourceTree = "<group>";
		};
		B73E161A2798603C00D5A9F3 /* RxSwiftPractice */ = {
			isa = PBXGroup;
			children = (
				B73E161B2798603C00D5A9F3 /* AppDelegate.swift */,
				B73E161D2798603C00D5A9F3 /* SceneDelegate.swift */,
				B73E161F2798603C00D5A9F3 /* ViewController.swift */,
				B73E16212798603C00D5A9F3 /* Main.storyboard */,
				B73E16242798603C00D5A9F3 /* Assets.xcassets */,
				B73E16262798603C00D5A9F3 /* LaunchScreen.storyboard */,
				B73E16292798603C00D5A9F3 /* Info.plist */,
			);
			path = RxSwiftPractice;
			sourceTree = "<group>";
		};
		B73E16312798603C00D5A9F3 /* RxSwiftPracticeTests */ = {
			isa = PBXGroup;
			children = (
				B73E16322798603C00D5A9F3 /* RxSwiftPracticeTests.swift */,
			);
			path = RxSwiftPracticeTests;
			sourceTree = "<group>";
		};
		B73E163B2798603C00D5A9F3 /* RxSwiftPracticeUITests */ = {
			isa = PBXGroup;
			children = (
				B73E163C2798603C00D5A9F3 /* RxSwiftPracticeUITests.swift */,
				B73E163E2798603C00D5A9F3 /* RxSwiftPracticeUITestsLaunchTests.swift */,
			);
			path = RxSwiftPracticeUITests;
			sourceTree = "<group>";
		};
/* End PBXGroup section */

/* Begin PBXNativeTarget section */
		B73E16172798603C00D5A9F3 /* RxSwiftPractice */ = {
			isa = PBXNativeTarget;
			buildConfigurationList = B73E16422798603C00D5A9F3 /* Build configuration list for PBXNativeTarget "RxSwiftPractice" */;
			buildPhases = (
				AC0560DEC7C75E16338F849C /* [CP] Check Pods Manifest.lock */,
				B73E16142798603C00D5A9F3 /* Sources */,
				B73E16152798603C00D5A9F3 /* Frameworks */,
				B73E16162798603C00D5A9F3 /* Resources */,
				EC58E6CEE4C8DABC93545196 /* [CP] Embed Pods Frameworks */,
			);
			buildRules = (
			);
			dependencies = (
			);
			name = RxSwiftPractice;
			productName = RxSwiftPractice;
			productReference = B73E16182798603C00D5A9F3 /* RxSwiftPractice.app */;
			productType = "com.apple.product-type.application";
		};
		B73E162D2798603C00D5A9F3 /* RxSwiftPracticeTests */ = {
			isa = PBXNativeTarget;
			buildConfigurationList = B73E16452798603C00D5A9F3 /* Build configuration list for PBXNativeTarget "RxSwiftPracticeTests" */;
			buildPhases = (
				AFEC0835C11444BE9AEC0CD4 /* [CP] Check Pods Manifest.lock */,
				B73E162A2798603C00D5A9F3 /* Sources */,
				B73E162B2798603C00D5A9F3 /* Frameworks */,
				B73E162C2798603C00D5A9F3 /* Resources */,
			);
			buildRules = (
			);
			dependencies = (
				B73E16302798603C00D5A9F3 /* PBXTargetDependency */,
			);
			name = RxSwiftPracticeTests;
			productName = RxSwiftPracticeTests;
			productReference = B73E162E2798603C00D5A9F3 /* RxSwiftPracticeTests.xctest */;
			productType = "com.apple.product-type.bundle.unit-test";
		};
		B73E16372798603C00D5A9F3 /* RxSwiftPracticeUITests */ = {
			isa = PBXNativeTarget;
			buildConfigurationList = B73E16482798603C00D5A9F3 /* Build configuration list for PBXNativeTarget "RxSwiftPracticeUITests" */;
			buildPhases = (
				620E48F13FB5EC0A38198B7F /* [CP] Check Pods Manifest.lock */,
				B73E16342798603C00D5A9F3 /* Sources */,
				B73E16352798603C00D5A9F3 /* Frameworks */,
				B73E16362798603C00D5A9F3 /* Resources */,
				42BAD931E379B278267644D4 /* [CP] Embed Pods Frameworks */,
			);
			buildRules = (
			);
			dependencies = (
				B73E163A2798603C00D5A9F3 /* PBXTargetDependency */,
			);
			name = RxSwiftPracticeUITests;
			productName = RxSwiftPracticeUITests;
			productReference = B73E16382798603C00D5A9F3 /* RxSwiftPracticeUITests.xctest */;
			productType = "com.apple.product-type.bundle.ui-testing";
		};
/* End PBXNativeTarget section */

/* Begin PBXProject section */
		B73E16102798603B00D5A9F3 /* Project object */ = {
			isa = PBXProject;
			attributes = {
				BuildIndependentTargetsInParallel = 1;
				LastSwiftUpdateCheck = 1320;
				LastUpgradeCheck = 1320;
				TargetAttributes = {
					B73E16172798603C00D5A9F3 = {
						CreatedOnToolsVersion = 13.2.1;
					};
					B73E162D2798603C00D5A9F3 = {
						CreatedOnToolsVersion = 13.2.1;
						TestTargetID = B73E16172798603C00D5A9F3;
					};
					B73E16372798603C00D5A9F3 = {
						CreatedOnToolsVersion = 13.2.1;
						TestTargetID = B73E16172798603C00D5A9F3;
					};
				};
			};
			buildConfigurationList = B73E16132798603B00D5A9F3 /* Build configuration list for PBXProject "RxSwiftPractice" */;
			compatibilityVersion = "Xcode 13.0";
			developmentRegion = en;
			hasScannedForEncodings = 0;
			knownRegions = (
				en,
				Base,
			);
			mainGroup = B73E160F2798603B00D5A9F3;
			productRefGroup = B73E16192798603C00D5A9F3 /* Products */;
			projectDirPath = "";
			projectRoot = "";
			targets = (
				B73E16172798603C00D5A9F3 /* RxSwiftPractice */,
				B73E162D2798603C00D5A9F3 /* RxSwiftPracticeTests */,
				B73E16372798603C00D5A9F3 /* RxSwiftPracticeUITests */,
			);
		};
/* End PBXProject section */

/* Begin PBXResourcesBuildPhase section */
		B73E16162798603C00D5A9F3 /* Resources */ = {
			isa = PBXResourcesBuildPhase;
			buildActionMask = 2147483647;
			files = (
				B73E16282798603C00D5A9F3 /* LaunchScreen.storyboard in Resources */,
				B73E16252798603C00D5A9F3 /* Assets.xcassets in Resources */,
				B73E16232798603C00D5A9F3 /* Main.storyboard in Resources */,
			);
			runOnlyForDeploymentPostprocessing = 0;
		};
		B73E162C2798603C00D5A9F3 /* Resources */ = {
			isa = PBXResourcesBuildPhase;
			buildActionMask = 2147483647;
			files = (
			);
			runOnlyForDeploymentPostprocessing = 0;
		};
		B73E16362798603C00D5A9F3 /* Resources */ = {
			isa = PBXResourcesBuildPhase;
			buildActionMask = 2147483647;
			files = (
			);
			runOnlyForDeploymentPostprocessing = 0;
		};
/* End PBXResourcesBuildPhase section */

/* Begin PBXShellScriptBuildPhase section */
		42BAD931E379B278267644D4 /* [CP] Embed Pods Frameworks */ = {
			isa = PBXShellScriptBuildPhase;
			buildActionMask = 2147483647;
			files = (
			);
			inputFileListPaths = (
				"${PODS_ROOT}/Target Support Files/Pods-RxSwiftPractice-RxSwiftPracticeUITests/Pods-RxSwiftPractice-RxSwiftPracticeUITests-frameworks-${CONFIGURATION}-input-files.xcfilelist",
			);
			name = "[CP] Embed Pods Frameworks";
			outputFileListPaths = (
				"${PODS_ROOT}/Target Support Files/Pods-RxSwiftPractice-RxSwiftPracticeUITests/Pods-RxSwiftPractice-RxSwiftPracticeUITests-frameworks-${CONFIGURATION}-output-files.xcfilelist",
			);
			runOnlyForDeploymentPostprocessing = 0;
			shellPath = /bin/sh;
			shellScript = "\"${PODS_ROOT}/Target Support Files/Pods-RxSwiftPractice-RxSwiftPracticeUITests/Pods-RxSwiftPractice-RxSwiftPracticeUITests-frameworks.sh\"\n";
			showEnvVarsInLog = 0;
		};
		620E48F13FB5EC0A38198B7F /* [CP] Check Pods Manifest.lock */ = {
			isa = PBXShellScriptBuildPhase;
			buildActionMask = 2147483647;
			files = (
			);
			inputFileListPaths = (
			);
			inputPaths = (
				"${PODS_PODFILE_DIR_PATH}/Podfile.lock",
				"${PODS_ROOT}/Manifest.lock",
			);
			name = "[CP] Check Pods Manifest.lock";
			outputFileListPaths = (
			);
			outputPaths = (
				"$(DERIVED_FILE_DIR)/Pods-RxSwiftPractice-RxSwiftPracticeUITests-checkManifestLockResult.txt",
			);
			runOnlyForDeploymentPostprocessing = 0;
			shellPath = /bin/sh;
			shellScript = "diff \"${PODS_PODFILE_DIR_PATH}/Podfile.lock\" \"${PODS_ROOT}/Manifest.lock\" > /dev/null\nif [ $? != 0 ] ; then\n    # print error to STDERR\n    echo \"error: The sandbox is not in sync with the Podfile.lock. Run 'pod install' or update your CocoaPods installation.\" >&2\n    exit 1\nfi\n# This output is used by Xcode 'outputs' to avoid re-running this script phase.\necho \"SUCCESS\" > \"${SCRIPT_OUTPUT_FILE_0}\"\n";
			showEnvVarsInLog = 0;
		};
		AC0560DEC7C75E16338F849C /* [CP] Check Pods Manifest.lock */ = {
			isa = PBXShellScriptBuildPhase;
			buildActionMask = 2147483647;
			files = (
			);
			inputFileListPaths = (
			);
			inputPaths = (
				"${PODS_PODFILE_DIR_PATH}/Podfile.lock",
				"${PODS_ROOT}/Manifest.lock",
			);
			name = "[CP] Check Pods Manifest.lock";
			outputFileListPaths = (
			);
			outputPaths = (
				"$(DERIVED_FILE_DIR)/Pods-RxSwiftPractice-checkManifestLockResult.txt",
			);
			runOnlyForDeploymentPostprocessing = 0;
			shellPath = /bin/sh;
			shellScript = "diff \"${PODS_PODFILE_DIR_PATH}/Podfile.lock\" \"${PODS_ROOT}/Manifest.lock\" > /dev/null\nif [ $? != 0 ] ; then\n    # print error to STDERR\n    echo \"error: The sandbox is not in sync with the Podfile.lock. Run 'pod install' or update your CocoaPods installation.\" >&2\n    exit 1\nfi\n# This output is used by Xcode 'outputs' to avoid re-running this script phase.\necho \"SUCCESS\" > \"${SCRIPT_OUTPUT_FILE_0}\"\n";
			showEnvVarsInLog = 0;
		};
		AFEC0835C11444BE9AEC0CD4 /* [CP] Check Pods Manifest.lock */ = {
			isa = PBXShellScriptBuildPhase;
			buildActionMask = 2147483647;
			files = (
			);
			inputFileListPaths = (
			);
			inputPaths = (
				"${PODS_PODFILE_DIR_PATH}/Podfile.lock",
				"${PODS_ROOT}/Manifest.lock",
			);
			name = "[CP] Check Pods Manifest.lock";
			outputFileListPaths = (
			);
			outputPaths = (
				"$(DERIVED_FILE_DIR)/Pods-RxSwiftPracticeTests-checkManifestLockResult.txt",
			);
			runOnlyForDeploymentPostprocessing = 0;
			shellPath = /bin/sh;
			shellScript = "diff \"${PODS_PODFILE_DIR_PATH}/Podfile.lock\" \"${PODS_ROOT}/Manifest.lock\" > /dev/null\nif [ $? != 0 ] ; then\n    # print error to STDERR\n    echo \"error: The sandbox is not in sync with the Podfile.lock. Run 'pod install' or update your CocoaPods installation.\" >&2\n    exit 1\nfi\n# This output is used by Xcode 'outputs' to avoid re-running this script phase.\necho \"SUCCESS\" > \"${SCRIPT_OUTPUT_FILE_0}\"\n";
			showEnvVarsInLog = 0;
		};
		EC58E6CEE4C8DABC93545196 /* [CP] Embed Pods Frameworks */ = {
			isa = PBXShellScriptBuildPhase;
			buildActionMask = 2147483647;
			files = (
			);
			inputFileListPaths = (
				"${PODS_ROOT}/Target Support Files/Pods-RxSwiftPractice/Pods-RxSwiftPractice-frameworks-${CONFIGURATION}-input-files.xcfilelist",
			);
			name = "[CP] Embed Pods Frameworks";
			outputFileListPaths = (
				"${PODS_ROOT}/Target Support Files/Pods-RxSwiftPractice/Pods-RxSwiftPractice-frameworks-${CONFIGURATION}-output-files.xcfilelist",
			);
			runOnlyForDeploymentPostprocessing = 0;
			shellPath = /bin/sh;
			shellScript = "\"${PODS_ROOT}/Target Support Files/Pods-RxSwiftPractice/Pods-RxSwiftPractice-frameworks.sh\"\n";
			showEnvVarsInLog = 0;
		};
/* End PBXShellScriptBuildPhase section */

/* Begin PBXSourcesBuildPhase section */
		B73E16142798603C00D5A9F3 /* Sources */ = {
			isa = PBXSourcesBuildPhase;
			buildActionMask = 2147483647;
			files = (
				B73E16202798603C00D5A9F3 /* ViewController.swift in Sources */,
				B73E161C2798603C00D5A9F3 /* AppDelegate.swift in Sources */,
				B73E161E2798603C00D5A9F3 /* SceneDelegate.swift in Sources */,
			);
			runOnlyForDeploymentPostprocessing = 0;
		};
		B73E162A2798603C00D5A9F3 /* Sources */ = {
			isa = PBXSourcesBuildPhase;
			buildActionMask = 2147483647;
			files = (
				B73E16332798603C00D5A9F3 /* RxSwiftPracticeTests.swift in Sources */,
			);
			runOnlyForDeploymentPostprocessing = 0;
		};
		B73E16342798603C00D5A9F3 /* Sources */ = {
			isa = PBXSourcesBuildPhase;
			buildActionMask = 2147483647;
			files = (
				B73E163D2798603C00D5A9F3 /* RxSwiftPracticeUITests.swift in Sources */,
				B73E163F2798603C00D5A9F3 /* RxSwiftPracticeUITestsLaunchTests.swift in Sources */,
			);
			runOnlyForDeploymentPostprocessing = 0;
		};
/* End PBXSourcesBuildPhase section */

/* Begin PBXTargetDependency section */
		B73E16302798603C00D5A9F3 /* PBXTargetDependency */ = {
			isa = PBXTargetDependency;
			target = B73E16172798603C00D5A9F3 /* RxSwiftPractice */;
			targetProxy = B73E162F2798603C00D5A9F3 /* PBXContainerItemProxy */;
		};
		B73E163A2798603C00D5A9F3 /* PBXTargetDependency */ = {
			isa = PBXTargetDependency;
			target = B73E16172798603C00D5A9F3 /* RxSwiftPractice */;
			targetProxy = B73E16392798603C00D5A9F3 /* PBXContainerItemProxy */;
		};
/* End PBXTargetDependency section */

/* Begin PBXVariantGroup section */
		B73E16212798603C00D5A9F3 /* Main.storyboard */ = {
			isa = PBXVariantGroup;
			children = (
				B73E16222798603C00D5A9F3 /* Base */,
			);
			name = Main.storyboard;
			sourceTree = "<group>";
		};
		B73E16262798603C00D5A9F3 /* LaunchScreen.storyboard */ = {
			isa = PBXVariantGroup;
			children = (
				B73E16272798603C00D5A9F3 /* Base */,
			);
			name = LaunchScreen.storyboard;
			sourceTree = "<group>";
		};
/* End PBXVariantGroup section */

/* Begin XCBuildConfiguration section */
		B73E16402798603C00D5A9F3 /* Debug */ = {
			isa = XCBuildConfiguration;
			buildSettings = {
				ALWAYS_SEARCH_USER_PATHS = NO;
				CLANG_ANALYZER_NONNULL = YES;
				CLANG_ANALYZER_NUMBER_OBJECT_CONVERSION = YES_AGGRESSIVE;
				CLANG_CXX_LANGUAGE_STANDARD = "gnu++17";
				CLANG_CXX_LIBRARY = "libc++";
				CLANG_ENABLE_MODULES = YES;
				CLANG_ENABLE_OBJC_ARC = YES;
				CLANG_ENABLE_OBJC_WEAK = YES;
				CLANG_WARN_BLOCK_CAPTURE_AUTORELEASING = YES;
				CLANG_WARN_BOOL_CONVERSION = YES;
				CLANG_WARN_COMMA = YES;
				CLANG_WARN_CONSTANT_CONVERSION = YES;
				CLANG_WARN_DEPRECATED_OBJC_IMPLEMENTATIONS = YES;
				CLANG_WARN_DIRECT_OBJC_ISA_USAGE = YES_ERROR;
				CLANG_WARN_DOCUMENTATION_COMMENTS = YES;
				CLANG_WARN_EMPTY_BODY = YES;
				CLANG_WARN_ENUM_CONVERSION = YES;
				CLANG_WARN_INFINITE_RECURSION = YES;
				CLANG_WARN_INT_CONVERSION = YES;
				CLANG_WARN_NON_LITERAL_NULL_CONVERSION = YES;
				CLANG_WARN_OBJC_IMPLICIT_RETAIN_SELF = YES;
				CLANG_WARN_OBJC_LITERAL_CONVERSION = YES;
				CLANG_WARN_OBJC_ROOT_CLASS = YES_ERROR;
				CLANG_WARN_QUOTED_INCLUDE_IN_FRAMEWORK_HEADER = YES;
				CLANG_WARN_RANGE_LOOP_ANALYSIS = YES;
				CLANG_WARN_STRICT_PROTOTYPES = YES;
				CLANG_WARN_SUSPICIOUS_MOVE = YES;
				CLANG_WARN_UNGUARDED_AVAILABILITY = YES_AGGRESSIVE;
				CLANG_WARN_UNREACHABLE_CODE = YES;
				CLANG_WARN__DUPLICATE_METHOD_MATCH = YES;
				COPY_PHASE_STRIP = NO;
				DEBUG_INFORMATION_FORMAT = dwarf;
				ENABLE_STRICT_OBJC_MSGSEND = YES;
				ENABLE_TESTABILITY = YES;
				GCC_C_LANGUAGE_STANDARD = gnu11;
				GCC_DYNAMIC_NO_PIC = NO;
				GCC_NO_COMMON_BLOCKS = YES;
				GCC_OPTIMIZATION_LEVEL = 0;
				GCC_PREPROCESSOR_DEFINITIONS = (
					"DEBUG=1",
					"$(inherited)",
				);
				GCC_WARN_64_TO_32_BIT_CONVERSION = YES;
				GCC_WARN_ABOUT_RETURN_TYPE = YES_ERROR;
				GCC_WARN_UNDECLARED_SELECTOR = YES;
				GCC_WARN_UNINITIALIZED_AUTOS = YES_AGGRESSIVE;
				GCC_WARN_UNUSED_FUNCTION = YES;
				GCC_WARN_UNUSED_VARIABLE = YES;
				IPHONEOS_DEPLOYMENT_TARGET = 15.2;
				MTL_ENABLE_DEBUG_INFO = INCLUDE_SOURCE;
				MTL_FAST_MATH = YES;
				ONLY_ACTIVE_ARCH = YES;
				SDKROOT = iphoneos;
				SWIFT_ACTIVE_COMPILATION_CONDITIONS = DEBUG;
				SWIFT_OPTIMIZATION_LEVEL = "-Onone";
			};
			name = Debug;
		};
		B73E16412798603C00D5A9F3 /* Release */ = {
			isa = XCBuildConfiguration;
			buildSettings = {
				ALWAYS_SEARCH_USER_PATHS = NO;
				CLANG_ANALYZER_NONNULL = YES;
				CLANG_ANALYZER_NUMBER_OBJECT_CONVERSION = YES_AGGRESSIVE;
				CLANG_CXX_LANGUAGE_STANDARD = "gnu++17";
				CLANG_CXX_LIBRARY = "libc++";
				CLANG_ENABLE_MODULES = YES;
				CLANG_ENABLE_OBJC_ARC = YES;
				CLANG_ENABLE_OBJC_WEAK = YES;
				CLANG_WARN_BLOCK_CAPTURE_AUTORELEASING = YES;
				CLANG_WARN_BOOL_CONVERSION = YES;
				CLANG_WARN_COMMA = YES;
				CLANG_WARN_CONSTANT_CONVERSION = YES;
				CLANG_WARN_DEPRECATED_OBJC_IMPLEMENTATIONS = YES;
				CLANG_WARN_DIRECT_OBJC_ISA_USAGE = YES_ERROR;
				CLANG_WARN_DOCUMENTATION_COMMENTS = YES;
				CLANG_WARN_EMPTY_BODY = YES;
				CLANG_WARN_ENUM_CONVERSION = YES;
				CLANG_WARN_INFINITE_RECURSION = YES;
				CLANG_WARN_INT_CONVERSION = YES;
				CLANG_WARN_NON_LITERAL_NULL_CONVERSION = YES;
				CLANG_WARN_OBJC_IMPLICIT_RETAIN_SELF = YES;
				CLANG_WARN_OBJC_LITERAL_CONVERSION = YES;
				CLANG_WARN_OBJC_ROOT_CLASS = YES_ERROR;
				CLANG_WARN_QUOTED_INCLUDE_IN_FRAMEWORK_HEADER = YES;
				CLANG_WARN_RANGE_LOOP_ANALYSIS = YES;
				CLANG_WARN_STRICT_PROTOTYPES = YES;
				CLANG_WARN_SUSPICIOUS_MOVE = YES;
				CLANG_WARN_UNGUARDED_AVAILABILITY = YES_AGGRESSIVE;
				CLANG_WARN_UNREACHABLE_CODE = YES;
				CLANG_WARN__DUPLICATE_METHOD_MATCH = YES;
				COPY_PHASE_STRIP = NO;
				DEBUG_INFORMATION_FORMAT = "dwarf-with-dsym";
				ENABLE_NS_ASSERTIONS = NO;
				ENABLE_STRICT_OBJC_MSGSEND = YES;
				GCC_C_LANGUAGE_STANDARD = gnu11;
				GCC_NO_COMMON_BLOCKS = YES;
				GCC_WARN_64_TO_32_BIT_CONVERSION = YES;
				GCC_WARN_ABOUT_RETURN_TYPE = YES_ERROR;
				GCC_WARN_UNDECLARED_SELECTOR = YES;
				GCC_WARN_UNINITIALIZED_AUTOS = YES_AGGRESSIVE;
				GCC_WARN_UNUSED_FUNCTION = YES;
				GCC_WARN_UNUSED_VARIABLE = YES;
				IPHONEOS_DEPLOYMENT_TARGET = 15.2;
				MTL_ENABLE_DEBUG_INFO = NO;
				MTL_FAST_MATH = YES;
				SDKROOT = iphoneos;
				SWIFT_COMPILATION_MODE = wholemodule;
				SWIFT_OPTIMIZATION_LEVEL = "-O";
				VALIDATE_PRODUCT = YES;
			};
			name = Release;
		};
		B73E16432798603C00D5A9F3 /* Debug */ = {
			isa = XCBuildConfiguration;
			baseConfigurationReference = 32AD7ED165564868FC86FA77 /* Pods-RxSwiftPractice.debug.xcconfig */;
			buildSettings = {
				ASSETCATALOG_COMPILER_APPICON_NAME = AppIcon;
				ASSETCATALOG_COMPILER_GLOBAL_ACCENT_COLOR_NAME = AccentColor;
				CODE_SIGN_STYLE = Automatic;
				CURRENT_PROJECT_VERSION = 1;
				GENERATE_INFOPLIST_FILE = YES;
				INFOPLIST_FILE = RxSwiftPractice/Info.plist;
				INFOPLIST_KEY_UIApplicationSupportsIndirectInputEvents = YES;
				INFOPLIST_KEY_UILaunchStoryboardName = LaunchScreen;
				INFOPLIST_KEY_UIMainStoryboardFile = Main;
				INFOPLIST_KEY_UISupportedInterfaceOrientations_iPad = "UIInterfaceOrientationPortrait UIInterfaceOrientationPortraitUpsideDown UIInterfaceOrientationLandscapeLeft UIInterfaceOrientationLandscapeRight";
				INFOPLIST_KEY_UISupportedInterfaceOrientations_iPhone = "UIInterfaceOrientationPortrait UIInterfaceOrientationLandscapeLeft UIInterfaceOrientationLandscapeRight";
				LD_RUNPATH_SEARCH_PATHS = (
					"$(inherited)",
					"@executable_path/Frameworks",
				);
				MARKETING_VERSION = 1.0;
				PRODUCT_BUNDLE_IDENTIFIER = com.phw.RxSwiftPractice;
				PRODUCT_NAME = "$(TARGET_NAME)";
				SWIFT_EMIT_LOC_STRINGS = YES;
				SWIFT_VERSION = 5.0;
				TARGETED_DEVICE_FAMILY = "1,2";
			};
			name = Debug;
		};
		B73E16442798603C00D5A9F3 /* Release */ = {
			isa = XCBuildConfiguration;
			baseConfigurationReference = 84FC95ADF2F561BCD961613C /* Pods-RxSwiftPractice.release.xcconfig */;
			buildSettings = {
				ASSETCATALOG_COMPILER_APPICON_NAME = AppIcon;
				ASSETCATALOG_COMPILER_GLOBAL_ACCENT_COLOR_NAME = AccentColor;
				CODE_SIGN_STYLE = Automatic;
				CURRENT_PROJECT_VERSION = 1;
				GENERATE_INFOPLIST_FILE = YES;
				INFOPLIST_FILE = RxSwiftPractice/Info.plist;
				INFOPLIST_KEY_UIApplicationSupportsIndirectInputEvents = YES;
				INFOPLIST_KEY_UILaunchStoryboardName = LaunchScreen;
				INFOPLIST_KEY_UIMainStoryboardFile = Main;
				INFOPLIST_KEY_UISupportedInterfaceOrientations_iPad = "UIInterfaceOrientationPortrait UIInterfaceOrientationPortraitUpsideDown UIInterfaceOrientationLandscapeLeft UIInterfaceOrientationLandscapeRight";
				INFOPLIST_KEY_UISupportedInterfaceOrientations_iPhone = "UIInterfaceOrientationPortrait UIInterfaceOrientationLandscapeLeft UIInterfaceOrientationLandscapeRight";
				LD_RUNPATH_SEARCH_PATHS = (
					"$(inherited)",
					"@executable_path/Frameworks",
				);
				MARKETING_VERSION = 1.0;
				PRODUCT_BUNDLE_IDENTIFIER = com.phw.RxSwiftPractice;
				PRODUCT_NAME = "$(TARGET_NAME)";
				SWIFT_EMIT_LOC_STRINGS = YES;
				SWIFT_VERSION = 5.0;
				TARGETED_DEVICE_FAMILY = "1,2";
			};
			name = Release;
		};
		B73E16462798603C00D5A9F3 /* Debug */ = {
			isa = XCBuildConfiguration;
			baseConfigurationReference = 33F3C8BA9FFDFF1FDFEA396C /* Pods-RxSwiftPracticeTests.debug.xcconfig */;
			buildSettings = {
				ALWAYS_EMBED_SWIFT_STANDARD_LIBRARIES = YES;
				BUNDLE_LOADER = "$(TEST_HOST)";
				CODE_SIGN_STYLE = Automatic;
				CURRENT_PROJECT_VERSION = 1;
				GENERATE_INFOPLIST_FILE = YES;
				IPHONEOS_DEPLOYMENT_TARGET = 15.2;
				MARKETING_VERSION = 1.0;
				PRODUCT_BUNDLE_IDENTIFIER = com.phw.RxSwiftPracticeTests;
				PRODUCT_NAME = "$(TARGET_NAME)";
				SWIFT_EMIT_LOC_STRINGS = NO;
				SWIFT_VERSION = 5.0;
				TARGETED_DEVICE_FAMILY = "1,2";
				TEST_HOST = "$(BUILT_PRODUCTS_DIR)/RxSwiftPractice.app/RxSwiftPractice";
			};
			name = Debug;
		};
		B73E16472798603C00D5A9F3 /* Release */ = {
			isa = XCBuildConfiguration;
			baseConfigurationReference = AF31BB8765A31D5E3BC5B54E /* Pods-RxSwiftPracticeTests.release.xcconfig */;
			buildSettings = {
				ALWAYS_EMBED_SWIFT_STANDARD_LIBRARIES = YES;
				BUNDLE_LOADER = "$(TEST_HOST)";
				CODE_SIGN_STYLE = Automatic;
				CURRENT_PROJECT_VERSION = 1;
				GENERATE_INFOPLIST_FILE = YES;
				IPHONEOS_DEPLOYMENT_TARGET = 15.2;
				MARKETING_VERSION = 1.0;
				PRODUCT_BUNDLE_IDENTIFIER = com.phw.RxSwiftPracticeTests;
				PRODUCT_NAME = "$(TARGET_NAME)";
				SWIFT_EMIT_LOC_STRINGS = NO;
				SWIFT_VERSION = 5.0;
				TARGETED_DEVICE_FAMILY = "1,2";
				TEST_HOST = "$(BUILT_PRODUCTS_DIR)/RxSwiftPractice.app/RxSwiftPractice";
			};
			name = Release;
		};
		B73E16492798603C00D5A9F3 /* Debug */ = {
			isa = XCBuildConfiguration;
			baseConfigurationReference = F3775F48CACE1C2A235D5F0D /* Pods-RxSwiftPractice-RxSwiftPracticeUITests.debug.xcconfig */;
			buildSettings = {
				ALWAYS_EMBED_SWIFT_STANDARD_LIBRARIES = YES;
				CODE_SIGN_STYLE = Automatic;
				CURRENT_PROJECT_VERSION = 1;
				GENERATE_INFOPLIST_FILE = YES;
				MARKETING_VERSION = 1.0;
				PRODUCT_BUNDLE_IDENTIFIER = com.phw.RxSwiftPracticeUITests;
				PRODUCT_NAME = "$(TARGET_NAME)";
				SWIFT_EMIT_LOC_STRINGS = NO;
				SWIFT_VERSION = 5.0;
				TARGETED_DEVICE_FAMILY = "1,2";
				TEST_TARGET_NAME = RxSwiftPractice;
			};
			name = Debug;
		};
		B73E164A2798603C00D5A9F3 /* Release */ = {
			isa = XCBuildConfiguration;
			baseConfigurationReference = 1E044639AB01E614CC9D8A68 /* Pods-RxSwiftPractice-RxSwiftPracticeUITests.release.xcconfig */;
			buildSettings = {
				ALWAYS_EMBED_SWIFT_STANDARD_LIBRARIES = YES;
				CODE_SIGN_STYLE = Automatic;
				CURRENT_PROJECT_VERSION = 1;
				GENERATE_INFOPLIST_FILE = YES;
				MARKETING_VERSION = 1.0;
				PRODUCT_BUNDLE_IDENTIFIER = com.phw.RxSwiftPracticeUITests;
				PRODUCT_NAME = "$(TARGET_NAME)";
				SWIFT_EMIT_LOC_STRINGS = NO;
				SWIFT_VERSION = 5.0;
				TARGETED_DEVICE_FAMILY = "1,2";
				TEST_TARGET_NAME = RxSwiftPractice;
			};
			name = Release;
		};
/* End XCBuildConfiguration section */

/* Begin XCConfigurationList section */
		B73E16132798603B00D5A9F3 /* Build configuration list for PBXProject "RxSwiftPractice" */ = {
			isa = XCConfigurationList;
			buildConfigurations = (
				B73E16402798603C00D5A9F3 /* Debug */,
				B73E16412798603C00D5A9F3 /* Release */,
			);
			defaultConfigurationIsVisible = 0;
			defaultConfigurationName = Release;
		};
		B73E16422798603C00D5A9F3 /* Build configuration list for PBXNativeTarget "RxSwiftPractice" */ = {
			isa = XCConfigurationList;
			buildConfigurations = (
				B73E16432798603C00D5A9F3 /* Debug */,
				B73E16442798603C00D5A9F3 /* Release */,
			);
			defaultConfigurationIsVisible = 0;
			defaultConfigurationName = Release;
		};
		B73E16452798603C00D5A9F3 /* Build configuration list for PBXNativeTarget "RxSwiftPracticeTests" */ = {
			isa = XCConfigurationList;
			buildConfigurations = (
				B73E16462798603C00D5A9F3 /* Debug */,
				B73E16472798603C00D5A9F3 /* Release */,
			);
			defaultConfigurationIsVisible = 0;
			defaultConfigurationName = Release;
		};
		B73E16482798603C00D5A9F3 /* Build configuration list for PBXNativeTarget "RxSwiftPracticeUITests" */ = {
			isa = XCConfigurationList;
			buildConfigurations = (
				B73E16492798603C00D5A9F3 /* Debug */,
				B73E164A2798603C00D5A9F3 /* Release */,
			);
			defaultConfigurationIsVisible = 0;
			defaultConfigurationName = Release;
		};
/* End XCConfigurationList section */
	};
	rootObject = B73E16102798603B00D5A9F3 /* Project object */;
}
